
Microsoft Visual Studio Solution File, Format Version 12.00
# Visual Studio Version 17
VisualStudioVersion = 17.8.34309.116
MinimumVisualStudioVersion = 10.0.40219.1
Project("{D2ABAB84-BF74-430A-B69E-9DC6D40DDA17}") = "GooglePlay_SSAS", "GooglePlay_SSAS.dwproj", "{63CD2840-9A5A-4792-834C-A8DAF30BABC6}"
EndProject
Global
	GlobalSection(SolutionConfigurationPlatforms) = preSolution
		Development|Default = Development|Default
	EndGlobalSection
	GlobalSection(ProjectConfigurationPlatforms) = postSolution
		{63CD2840-9A5A-4792-834C-A8DAF30BABC6}.Development|Default.ActiveCfg = Development
		{63CD2840-9A5A-4792-834C-A8DAF30BABC6}.Development|Default.Build.0 = Development
		{63CD2840-9A5A-4792-834C-A8DAF30BABC6}.Development|Default.Deploy.0 = Development
	EndGlobalSection
	GlobalSection(SolutionProperties) = preSolution
		HideSolutionNode = FALSE
	EndGlobalSection
	GlobalSection(ExtensibilityGlobals) = postSolution
		SolutionGuid = {45C91D98-680F-4605-934A-8E6CD1A90615}
	EndGlobalSection
EndGlobal
