
Microsoft Visual Studio Solution File, Format Version 12.00
# Visual Studio Version 17
VisualStudioVersion = 17.8.34309.116
MinimumVisualStudioVersion = 10.0.40219.1
Project("{D2ABAB84-BF74-430A-B69E-9DC6D40DDA17}") = "MultidimensionalProject1", "MultidimensionalProject1.dwproj", "{D70C6835-235C-4258-8FC3-57D342143EEC}"
EndProject
Global
	GlobalSection(SolutionConfigurationPlatforms) = preSolution
		Development|Default = Development|Default
	EndGlobalSection
	GlobalSection(ProjectConfigurationPlatforms) = postSolution
		{D70C6835-235C-4258-8FC3-57D342143EEC}.Development|Default.ActiveCfg = Development
		{D70C6835-235C-4258-8FC3-57D342143EEC}.Development|Default.Build.0 = Development
		{D70C6835-235C-4258-8FC3-57D342143EEC}.Development|Default.Deploy.0 = Development
	EndGlobalSection
	GlobalSection(SolutionProperties) = preSolution
		HideSolutionNode = FALSE
	EndGlobalSection
	GlobalSection(ExtensibilityGlobals) = postSolution
		SolutionGuid = {CDFA1A40-3DFA-49CA-8C85-B6A1A35121ED}
	EndGlobalSection
EndGlobal
