
Microsoft Visual Studio Solution File, Format Version 12.00
# Visual Studio Version 16
VisualStudioVersion = 16.0.34729.46
MinimumVisualStudioVersion = 10.0.40219.1
Project("{D2ABAB84-BF74-430A-B69E-9DC6D40DDA17}") = "GooglePlay_DataMining", "GooglePlay_DataMining\GooglePlay_DataMining.dwproj", "{8742A121-0D96-468C-A67F-A3A48225F749}"
EndProject
Global
	GlobalSection(SolutionConfigurationPlatforms) = preSolution
		Development|Default = Development|Default
	EndGlobalSection
	GlobalSection(ProjectConfigurationPlatforms) = postSolution
		{8742A121-0D96-468C-A67F-A3A48225F749}.Development|Default.ActiveCfg = Development
		{8742A121-0D96-468C-A67F-A3A48225F749}.Development|Default.Build.0 = Development
		{8742A121-0D96-468C-A67F-A3A48225F749}.Development|Default.Deploy.0 = Development
	EndGlobalSection
	GlobalSection(SolutionProperties) = preSolution
		HideSolutionNode = FALSE
	EndGlobalSection
	GlobalSection(ExtensibilityGlobals) = postSolution
		SolutionGuid = {8292675C-A398-4BE9-9A56-ACD5B766332D}
	EndGlobalSection
EndGlobal
